// !$*UTF8*$!
{
	archiveVersion = 1;
	classes = {
	};
	objectVersion = 55;
	objects = {

/* Begin PBXBuildFile section */
		386B606FDA5A75FD130AF84B /* Pods_BeautyMNL_MacNoble_Search.framework in Frameworks */ = {isa = PBXBuildFile; fileRef = C6CFD0D8768E2DD91AAA9EFA /* Pods_BeautyMNL_MacNoble_Search.framework */; };
		F93DBEEE2897BDCC009DA87A /* AppDelegate.swift in Sources */ = {isa = PBXBuildFile; fileRef = F93DBEED2897BDCC009DA87A /* AppDelegate.swift */; };
		F93DBEF02897BDCC009DA87A /* SceneDelegate.swift in Sources */ = {isa = PBXBuildFile; fileRef = F93DBEEF2897BDCC009DA87A /* SceneDelegate.swift */; };
		F93DBEF22897BDCC009DA87A /* ViewController.swift in Sources */ = {isa = PBXBuildFile; fileRef = F93DBEF12897BDCC009DA87A /* ViewController.swift */; };
		F93DBEF72897BDCE009DA87A /* Assets.xcassets in Resources */ = {isa = PBXBuildFile; fileRef = F93DBEF62897BDCE009DA87A /* Assets.xcassets */; };
		F93DBEFA2897BDCE009DA87A /* LaunchScreen.storyboard in Resources */ = {isa = PBXBuildFile; fileRef = F93DBEF82897BDCE009DA87A /* LaunchScreen.storyboard */; };
		F93DBF032897C144009DA87A /* SearchTableViewController.swift in Sources */ = {isa = PBXBuildFile; fileRef = F93DBF022897C144009DA87A /* SearchTableViewController.swift */; };
		F93DBF062897C21D009DA87A /* SearchViewModel.swift in Sources */ = {isa = PBXBuildFile; fileRef = F93DBF052897C21D009DA87A /* SearchViewModel.swift */; };
		F93DBF082897C76A009DA87A /* SearchCell.swift in Sources */ = {isa = PBXBuildFile; fileRef = F93DBF072897C76A009DA87A /* SearchCell.swift */; };
		F93DBF0C2897CF5A009DA87A /* SearchCellViewModel.swift in Sources */ = {isa = PBXBuildFile; fileRef = F93DBF0B2897CF5A009DA87A /* SearchCellViewModel.swift */; };
/* End PBXBuildFile section */

/* Begin PBXFileReference section */
		505BA6941F36F5004B7DE3A6 /* Pods-BeautyMNL-MacNoble-Search.debug.xcconfig */ = {isa = PBXFileReference; includeInIndex = 1; lastKnownFileType = text.xcconfig; name = "Pods-BeautyMNL-MacNoble-Search.debug.xcconfig"; path = "Target Support Files/Pods-BeautyMNL-MacNoble-Search/Pods-BeautyMNL-MacNoble-Search.debug.xcconfig"; sourceTree = "<group>"; };
		B209A7BCB02267B5F82D54FF /* Pods-BeautyMNL-MacNoble-Search.release.xcconfig */ = {isa = PBXFileReference; includeInIndex = 1; lastKnownFileType = text.xcconfig; name = "Pods-BeautyMNL-MacNoble-Search.release.xcconfig"; path = "Target Support Files/Pods-BeautyMNL-MacNoble-Search/Pods-BeautyMNL-MacNoble-Search.release.xcconfig"; sourceTree = "<group>"; };
		C6CFD0D8768E2DD91AAA9EFA /* Pods_BeautyMNL_MacNoble_Search.framework */ = {isa = PBXFileReference; explicitFileType = wrapper.framework; includeInIndex = 0; path = Pods_BeautyMNL_MacNoble_Search.framework; sourceTree = BUILT_PRODUCTS_DIR; };
		F93DBEEA2897BDCC009DA87A /* BeautyMNL-MacNoble-Search.app */ = {isa = PBXFileReference; explicitFileType = wrapper.application; includeInIndex = 0; path = "BeautyMNL-MacNoble-Search.app"; sourceTree = BUILT_PRODUCTS_DIR; };
		F93DBEED2897BDCC009DA87A /* AppDelegate.swift */ = {isa = PBXFileReference; lastKnownFileType = sourcecode.swift; path = AppDelegate.swift; sourceTree = "<group>"; };
		F93DBEEF2897BDCC009DA87A /* SceneDelegate.swift */ = {isa = PBXFileReference; lastKnownFileType = sourcecode.swift; path = SceneDelegate.swift; sourceTree = "<group>"; };
		F93DBEF12897BDCC009DA87A /* ViewController.swift */ = {isa = PBXFileReference; lastKnownFileType = sourcecode.swift; path = ViewController.swift; sourceTree = "<group>"; };
		F93DBEF62897BDCE009DA87A /* Assets.xcassets */ = {isa = PBXFileReference; lastKnownFileType = folder.assetcatalog; path = Assets.xcassets; sourceTree = "<group>"; };
		F93DBEF92897BDCE009DA87A /* Base */ = {isa = PBXFileReference; lastKnownFileType = file.storyboard; name = Base; path = Base.lproj/LaunchScreen.storyboard; sourceTree = "<group>"; };
		F93DBEFB2897BDCE009DA87A /* Info.plist */ = {isa = PBXFileReference; lastKnownFileType = text.plist.xml; path = Info.plist; sourceTree = "<group>"; };
		F93DBF022897C144009DA87A /* SearchTableViewController.swift */ = {isa = PBXFileReference; lastKnownFileType = sourcecode.swift; path = SearchTableViewController.swift; sourceTree = "<group>"; };
		F93DBF052897C21D009DA87A /* SearchViewModel.swift */ = {isa = PBXFileReference; lastKnownFileType = sourcecode.swift; path = SearchViewModel.swift; sourceTree = "<group>"; };
		F93DBF072897C76A009DA87A /* SearchCell.swift */ = {isa = PBXFileReference; lastKnownFileType = sourcecode.swift; path = SearchCell.swift; sourceTree = "<group>"; };
		F93DBF0B2897CF5A009DA87A /* SearchCellViewModel.swift */ = {isa = PBXFileReference; lastKnownFileType = sourcecode.swift; path = SearchCellViewModel.swift; sourceTree = "<group>"; };
/* End PBXFileReference section */

/* Begin PBXFrameworksBuildPhase section */
		F93DBEE72897BDCC009DA87A /* Frameworks */ = {
			isa = PBXFrameworksBuildPhase;
			buildActionMask = 2147483647;
			files = (
				386B606FDA5A75FD130AF84B /* Pods_BeautyMNL_MacNoble_Search.framework in Frameworks */,
			);
			runOnlyForDeploymentPostprocessing = 0;
		};
/* End PBXFrameworksBuildPhase section */

/* Begin PBXGroup section */
		976D649CEDE2E90BCB675226 /* Pods */ = {
			isa = PBXGroup;
			children = (
				505BA6941F36F5004B7DE3A6 /* Pods-BeautyMNL-MacNoble-Search.debug.xcconfig */,
				B209A7BCB02267B5F82D54FF /* Pods-BeautyMNL-MacNoble-Search.release.xcconfig */,
			);
			path = Pods;
			sourceTree = "<group>";
		};
		AC68DE9182E91A5493135D54 /* Frameworks */ = {
			isa = PBXGroup;
			children = (
				C6CFD0D8768E2DD91AAA9EFA /* Pods_BeautyMNL_MacNoble_Search.framework */,
			);
			name = Frameworks;
			sourceTree = "<group>";
		};
		F93DBEE12897BDCC009DA87A = {
			isa = PBXGroup;
			children = (
				F93DBEEC2897BDCC009DA87A /* BeautyMNL-MacNoble-Search */,
				F93DBEEB2897BDCC009DA87A /* Products */,
				976D649CEDE2E90BCB675226 /* Pods */,
				AC68DE9182E91A5493135D54 /* Frameworks */,
			);
			sourceTree = "<group>";
		};
		F93DBEEB2897BDCC009DA87A /* Products */ = {
			isa = PBXGroup;
			children = (
				F93DBEEA2897BDCC009DA87A /* BeautyMNL-MacNoble-Search.app */,
			);
			name = Products;
			sourceTree = "<group>";
		};
		F93DBEEC2897BDCC009DA87A /* BeautyMNL-MacNoble-Search */ = {
			isa = PBXGroup;
			children = (
				F93DBF012897C131009DA87A /* UIComponents */,
				F93DBEED2897BDCC009DA87A /* AppDelegate.swift */,
				F93DBEEF2897BDCC009DA87A /* SceneDelegate.swift */,
				F93DBEF12897BDCC009DA87A /* ViewController.swift */,
				F93DBEF62897BDCE009DA87A /* Assets.xcassets */,
				F93DBEF82897BDCE009DA87A /* LaunchScreen.storyboard */,
				F93DBEFB2897BDCE009DA87A /* Info.plist */,
			);
			path = "BeautyMNL-MacNoble-Search";
			sourceTree = "<group>";
		};
		F93DBF012897C131009DA87A /* UIComponents */ = {
			isa = PBXGroup;
			children = (
				F93DBF042897C20C009DA87A /* SearchController */,
			);
			path = UIComponents;
			sourceTree = "<group>";
		};
		F93DBF042897C20C009DA87A /* SearchController */ = {
			isa = PBXGroup;
			children = (
				F93DBF0A2897C774009DA87A /* SearchCell */,
				F93DBF022897C144009DA87A /* SearchTableViewController.swift */,
				F93DBF052897C21D009DA87A /* SearchViewModel.swift */,
			);
			path = SearchController;
			sourceTree = "<group>";
		};
		F93DBF0A2897C774009DA87A /* SearchCell */ = {
			isa = PBXGroup;
			children = (
				F93DBF072897C76A009DA87A /* SearchCell.swift */,
				F93DBF0B2897CF5A009DA87A /* SearchCellViewModel.swift */,
			);
			path = SearchCell;
			sourceTree = "<group>";
		};
/* End PBXGroup section */

/* Begin PBXNativeTarget section */
		F93DBEE92897BDCC009DA87A /* BeautyMNL-MacNoble-Search */ = {
			isa = PBXNativeTarget;
			buildConfigurationList = F93DBEFE2897BDCE009DA87A /* Build configuration list for PBXNativeTarget "BeautyMNL-MacNoble-Search" */;
			buildPhases = (
				A565209CF12E0EC5337219E1 /* [CP] Check Pods Manifest.lock */,
				F93DBEE62897BDCC009DA87A /* Sources */,
				F93DBEE72897BDCC009DA87A /* Frameworks */,
				F93DBEE82897BDCC009DA87A /* Resources */,
				66E489B0CE0B469B3A135416 /* [CP] Embed Pods Frameworks */,
			);
			buildRules = (
			);
			dependencies = (
			);
			name = "BeautyMNL-MacNoble-Search";
			productName = "BeautyMNL-MacNoble-Search";
			productReference = F93DBEEA2897BDCC009DA87A /* BeautyMNL-MacNoble-Search.app */;
			productType = "com.apple.product-type.application";
		};
/* End PBXNativeTarget section */

/* Begin PBXProject section */
		F93DBEE22897BDCC009DA87A /* Project object */ = {
			isa = PBXProject;
			attributes = {
				BuildIndependentTargetsInParallel = 1;
				LastSwiftUpdateCheck = 1330;
				LastUpgradeCheck = 1330;
				TargetAttributes = {
					F93DBEE92897BDCC009DA87A = {
						CreatedOnToolsVersion = 13.3;
					};
				};
			};
			buildConfigurationList = F93DBEE52897BDCC009DA87A /* Build configuration list for PBXProject "BeautyMNL-MacNoble-Search" */;
			compatibilityVersion = "Xcode 13.0";
			developmentRegion = en;
			hasScannedForEncodings = 0;
			knownRegions = (
				en,
				Base,
			);
			mainGroup = F93DBEE12897BDCC009DA87A;
			productRefGroup = F93DBEEB2897BDCC009DA87A /* Products */;
			projectDirPath = "";
			projectRoot = "";
			targets = (
				F93DBEE92897BDCC009DA87A /* BeautyMNL-MacNoble-Search */,
			);
		};
/* End PBXProject section */

/* Begin PBXResourcesBuildPhase section */
		F93DBEE82897BDCC009DA87A /* Resources */ = {
			isa = PBXResourcesBuildPhase;
			buildActionMask = 2147483647;
			files = (
				F93DBEFA2897BDCE009DA87A /* LaunchScreen.storyboard in Resources */,
				F93DBEF72897BDCE009DA87A /* Assets.xcassets in Resources */,
			);
			runOnlyForDeploymentPostprocessing = 0;
		};
/* End PBXResourcesBuildPhase section */

/* Begin PBXShellScriptBuildPhase section */
		66E489B0CE0B469B3A135416 /* [CP] Embed Pods Frameworks */ = {
			isa = PBXShellScriptBuildPhase;
			buildActionMask = 2147483647;
			files = (
			);
			inputFileListPaths = (
				"${PODS_ROOT}/Target Support Files/Pods-BeautyMNL-MacNoble-Search/Pods-BeautyMNL-MacNoble-Search-frameworks-${CONFIGURATION}-input-files.xcfilelist",
			);
			name = "[CP] Embed Pods Frameworks";
			outputFileListPaths = (
				"${PODS_ROOT}/Target Support Files/Pods-BeautyMNL-MacNoble-Search/Pods-BeautyMNL-MacNoble-Search-frameworks-${CONFIGURATION}-output-files.xcfilelist",
			);
			runOnlyForDeploymentPostprocessing = 0;
			shellPath = /bin/sh;
			shellScript = "\"${PODS_ROOT}/Target Support Files/Pods-BeautyMNL-MacNoble-Search/Pods-BeautyMNL-MacNoble-Search-frameworks.sh\"\n";
			showEnvVarsInLog = 0;
		};
		A565209CF12E0EC5337219E1 /* [CP] Check Pods Manifest.lock */ = {
			isa = PBXShellScriptBuildPhase;
			buildActionMask = 2147483647;
			files = (
			);
			inputFileListPaths = (
			);
			inputPaths = (
				"${PODS_PODFILE_DIR_PATH}/Podfile.lock",
				"${PODS_ROOT}/Manifest.lock",
			);
			name = "[CP] Check Pods Manifest.lock";
			outputFileListPaths = (
			);
			outputPaths = (
				"$(DERIVED_FILE_DIR)/Pods-BeautyMNL-MacNoble-Search-checkManifestLockResult.txt",
			);
			runOnlyForDeploymentPostprocessing = 0;
			shellPath = /bin/sh;
			shellScript = "diff \"${PODS_PODFILE_DIR_PATH}/Podfile.lock\" \"${PODS_ROOT}/Manifest.lock\" > /dev/null\nif [ $? != 0 ] ; then\n    # print error to STDERR\n    echo \"error: The sandbox is not in sync with the Podfile.lock. Run 'pod install' or update your CocoaPods installation.\" >&2\n    exit 1\nfi\n# This output is used by Xcode 'outputs' to avoid re-running this script phase.\necho \"SUCCESS\" > \"${SCRIPT_OUTPUT_FILE_0}\"\n";
			showEnvVarsInLog = 0;
		};
/* End PBXShellScriptBuildPhase section */

/* Begin PBXSourcesBuildPhase section */
		F93DBEE62897BDCC009DA87A /* Sources */ = {
			isa = PBXSourcesBuildPhase;
			buildActionMask = 2147483647;
			files = (
				F93DBEF22897BDCC009DA87A /* ViewController.swift in Sources */,
				F93DBF082897C76A009DA87A /* SearchCell.swift in Sources */,
				F93DBF062897C21D009DA87A /* SearchViewModel.swift in Sources */,
				F93DBEEE2897BDCC009DA87A /* AppDelegate.swift in Sources */,
				F93DBEF02897BDCC009DA87A /* SceneDelegate.swift in Sources */,
				F93DBF032897C144009DA87A /* SearchTableViewController.swift in Sources */,
				F93DBF0C2897CF5A009DA87A /* SearchCellViewModel.swift in Sources */,
			);
			runOnlyForDeploymentPostprocessing = 0;
		};
/* End PBXSourcesBuildPhase section */

/* Begin PBXVariantGroup section */
		F93DBEF82897BDCE009DA87A /* LaunchScreen.storyboard */ = {
			isa = PBXVariantGroup;
			children = (
				F93DBEF92897BDCE009DA87A /* Base */,
			);
			name = LaunchScreen.storyboard;
			sourceTree = "<group>";
		};
/* End PBXVariantGroup section */

/* Begin XCBuildConfiguration section */
		F93DBEFC2897BDCE009DA87A /* Debug */ = {
			isa = XCBuildConfiguration;
			buildSettings = {
				ALWAYS_SEARCH_USER_PATHS = NO;
				CLANG_ANALYZER_NONNULL = YES;
				CLANG_ANALYZER_NUMBER_OBJECT_CONVERSION = YES_AGGRESSIVE;
				CLANG_CXX_LANGUAGE_STANDARD = "gnu++17";
				CLANG_ENABLE_MODULES = YES;
				CLANG_ENABLE_OBJC_ARC = YES;
				CLANG_ENABLE_OBJC_WEAK = YES;
				CLANG_WARN_BLOCK_CAPTURE_AUTORELEASING = YES;
				CLANG_WARN_BOOL_CONVERSION = YES;
				CLANG_WARN_COMMA = YES;
				CLANG_WARN_CONSTANT_CONVERSION = YES;
				CLANG_WARN_DEPRECATED_OBJC_IMPLEMENTATIONS = YES;
				CLANG_WARN_DIRECT_OBJC_ISA_USAGE = YES_ERROR;
				CLANG_WARN_DOCUMENTATION_COMMENTS = YES;
				CLANG_WARN_EMPTY_BODY = YES;
				CLANG_WARN_ENUM_CONVERSION = YES;
				CLANG_WARN_INFINITE_RECURSION = YES;
				CLANG_WARN_INT_CONVERSION = YES;
				CLANG_WARN_NON_LITERAL_NULL_CONVERSION = YES;
				CLANG_WARN_OBJC_IMPLICIT_RETAIN_SELF = YES;
				CLANG_WARN_OBJC_LITERAL_CONVERSION = YES;
				CLANG_WARN_OBJC_ROOT_CLASS = YES_ERROR;
				CLANG_WARN_QUOTED_INCLUDE_IN_FRAMEWORK_HEADER = YES;
				CLANG_WARN_RANGE_LOOP_ANALYSIS = YES;
				CLANG_WARN_STRICT_PROTOTYPES = YES;
				CLANG_WARN_SUSPICIOUS_MOVE = YES;
				CLANG_WARN_UNGUARDED_AVAILABILITY = YES_AGGRESSIVE;
				CLANG_WARN_UNREACHABLE_CODE = YES;
				CLANG_WARN__DUPLICATE_METHOD_MATCH = YES;
				COPY_PHASE_STRIP = NO;
				DEBUG_INFORMATION_FORMAT = dwarf;
				ENABLE_STRICT_OBJC_MSGSEND = YES;
				ENABLE_TESTABILITY = YES;
				GCC_C_LANGUAGE_STANDARD = gnu11;
				GCC_DYNAMIC_NO_PIC = NO;
				GCC_NO_COMMON_BLOCKS = YES;
				GCC_OPTIMIZATION_LEVEL = 0;
				GCC_PREPROCESSOR_DEFINITIONS = (
					"DEBUG=1",
					"$(inherited)",
				);
				GCC_WARN_64_TO_32_BIT_CONVERSION = YES;
				GCC_WARN_ABOUT_RETURN_TYPE = YES_ERROR;
				GCC_WARN_UNDECLARED_SELECTOR = YES;
				GCC_WARN_UNINITIALIZED_AUTOS = YES_AGGRESSIVE;
				GCC_WARN_UNUSED_FUNCTION = YES;
				GCC_WARN_UNUSED_VARIABLE = YES;
				IPHONEOS_DEPLOYMENT_TARGET = 14.0;
				MTL_ENABLE_DEBUG_INFO = INCLUDE_SOURCE;
				MTL_FAST_MATH = YES;
				ONLY_ACTIVE_ARCH = YES;
				SDKROOT = iphoneos;
				SWIFT_ACTIVE_COMPILATION_CONDITIONS = DEBUG;
				SWIFT_OPTIMIZATION_LEVEL = "-Onone";
			};
			name = Debug;
		};
		F93DBEFD2897BDCE009DA87A /* Release */ = {
			isa = XCBuildConfiguration;
			buildSettings = {
				ALWAYS_SEARCH_USER_PATHS = NO;
				CLANG_ANALYZER_NONNULL = YES;
				CLANG_ANALYZER_NUMBER_OBJECT_CONVERSION = YES_AGGRESSIVE;
				CLANG_CXX_LANGUAGE_STANDARD = "gnu++17";
				CLANG_ENABLE_MODULES = YES;
				CLANG_ENABLE_OBJC_ARC = YES;
				CLANG_ENABLE_OBJC_WEAK = YES;
				CLANG_WARN_BLOCK_CAPTURE_AUTORELEASING = YES;
				CLANG_WARN_BOOL_CONVERSION = YES;
				CLANG_WARN_COMMA = YES;
				CLANG_WARN_CONSTANT_CONVERSION = YES;
				CLANG_WARN_DEPRECATED_OBJC_IMPLEMENTATIONS = YES;
				CLANG_WARN_DIRECT_OBJC_ISA_USAGE = YES_ERROR;
				CLANG_WARN_DOCUMENTATION_COMMENTS = YES;
				CLANG_WARN_EMPTY_BODY = YES;
				CLANG_WARN_ENUM_CONVERSION = YES;
				CLANG_WARN_INFINITE_RECURSION = YES;
				CLANG_WARN_INT_CONVERSION = YES;
				CLANG_WARN_NON_LITERAL_NULL_CONVERSION = YES;
				CLANG_WARN_OBJC_IMPLICIT_RETAIN_SELF = YES;
				CLANG_WARN_OBJC_LITERAL_CONVERSION = YES;
				CLANG_WARN_OBJC_ROOT_CLASS = YES_ERROR;
				CLANG_WARN_QUOTED_INCLUDE_IN_FRAMEWORK_HEADER = YES;
				CLANG_WARN_RANGE_LOOP_ANALYSIS = YES;
				CLANG_WARN_STRICT_PROTOTYPES = YES;
				CLANG_WARN_SUSPICIOUS_MOVE = YES;
				CLANG_WARN_UNGUARDED_AVAILABILITY = YES_AGGRESSIVE;
				CLANG_WARN_UNREACHABLE_CODE = YES;
				CLANG_WARN__DUPLICATE_METHOD_MATCH = YES;
				COPY_PHASE_STRIP = NO;
				DEBUG_INFORMATION_FORMAT = "dwarf-with-dsym";
				ENABLE_NS_ASSERTIONS = NO;
				ENABLE_STRICT_OBJC_MSGSEND = YES;
				GCC_C_LANGUAGE_STANDARD = gnu11;
				GCC_NO_COMMON_BLOCKS = YES;
				GCC_WARN_64_TO_32_BIT_CONVERSION = YES;
				GCC_WARN_ABOUT_RETURN_TYPE = YES_ERROR;
				GCC_WARN_UNDECLARED_SELECTOR = YES;
				GCC_WARN_UNINITIALIZED_AUTOS = YES_AGGRESSIVE;
				GCC_WARN_UNUSED_FUNCTION = YES;
				GCC_WARN_UNUSED_VARIABLE = YES;
				IPHONEOS_DEPLOYMENT_TARGET = 14.0;
				MTL_ENABLE_DEBUG_INFO = NO;
				MTL_FAST_MATH = YES;
				SDKROOT = iphoneos;
				SWIFT_COMPILATION_MODE = wholemodule;
				SWIFT_OPTIMIZATION_LEVEL = "-O";
				VALIDATE_PRODUCT = YES;
			};
			name = Release;
		};
		F93DBEFF2897BDCE009DA87A /* Debug */ = {
			isa = XCBuildConfiguration;
			baseConfigurationReference = 505BA6941F36F5004B7DE3A6 /* Pods-BeautyMNL-MacNoble-Search.debug.xcconfig */;
			buildSettings = {
				ASSETCATALOG_COMPILER_APPICON_NAME = AppIcon;
				ASSETCATALOG_COMPILER_GLOBAL_ACCENT_COLOR_NAME = AccentColor;
				CODE_SIGN_STYLE = Automatic;
				CURRENT_PROJECT_VERSION = 1;
				DEVELOPMENT_TEAM = GJ8TWH3P22;
				GENERATE_INFOPLIST_FILE = YES;
				INFOPLIST_FILE = "BeautyMNL-MacNoble-Search/Info.plist";
				INFOPLIST_KEY_UIApplicationSupportsIndirectInputEvents = YES;
				INFOPLIST_KEY_UILaunchStoryboardName = LaunchScreen;
				INFOPLIST_KEY_UISupportedInterfaceOrientations_iPad = "UIInterfaceOrientationPortrait UIInterfaceOrientationPortraitUpsideDown UIInterfaceOrientationLandscapeLeft UIInterfaceOrientationLandscapeRight";
				INFOPLIST_KEY_UISupportedInterfaceOrientations_iPhone = "UIInterfaceOrientationPortrait UIInterfaceOrientationLandscapeLeft UIInterfaceOrientationLandscapeRight";
				IPHONEOS_DEPLOYMENT_TARGET = 14.0;
				LD_RUNPATH_SEARCH_PATHS = (
					"$(inherited)",
					"@executable_path/Frameworks",
				);
				MARKETING_VERSION = 1.0;
				PRODUCT_BUNDLE_IDENTIFIER = "mac.romel.noble.BeautyMNL-MacNoble-Search";
				PRODUCT_NAME = "$(TARGET_NAME)";
				SWIFT_EMIT_LOC_STRINGS = YES;
				SWIFT_VERSION = 5.0;
				TARGETED_DEVICE_FAMILY = "1,2";
			};
			name = Debug;
		};
		F93DBF002897BDCE009DA87A /* Release */ = {
			isa = XCBuildConfiguration;
			baseConfigurationReference = B209A7BCB02267B5F82D54FF /* Pods-BeautyMNL-MacNoble-Search.release.xcconfig */;
			buildSettings = {
				ASSETCATALOG_COMPILER_APPICON_NAME = AppIcon;
				ASSETCATALOG_COMPILER_GLOBAL_ACCENT_COLOR_NAME = AccentColor;
				CODE_SIGN_STYLE = Automatic;
				CURRENT_PROJECT_VERSION = 1;
				DEVELOPMENT_TEAM = GJ8TWH3P22;
				GENERATE_INFOPLIST_FILE = YES;
				INFOPLIST_FILE = "BeautyMNL-MacNoble-Search/Info.plist";
				INFOPLIST_KEY_UIApplicationSupportsIndirectInputEvents = YES;
				INFOPLIST_KEY_UILaunchStoryboardName = LaunchScreen;
				INFOPLIST_KEY_UISupportedInterfaceOrientations_iPad = "UIInterfaceOrientationPortrait UIInterfaceOrientationPortraitUpsideDown UIInterfaceOrientationLandscapeLeft UIInterfaceOrientationLandscapeRight";
				INFOPLIST_KEY_UISupportedInterfaceOrientations_iPhone = "UIInterfaceOrientationPortrait UIInterfaceOrientationLandscapeLeft UIInterfaceOrientationLandscapeRight";
				IPHONEOS_DEPLOYMENT_TARGET = 14.0;
				LD_RUNPATH_SEARCH_PATHS = (
					"$(inherited)",
					"@executable_path/Frameworks",
				);
				MARKETING_VERSION = 1.0;
				PRODUCT_BUNDLE_IDENTIFIER = "mac.romel.noble.BeautyMNL-MacNoble-Search";
				PRODUCT_NAME = "$(TARGET_NAME)";
				SWIFT_EMIT_LOC_STRINGS = YES;
				SWIFT_VERSION = 5.0;
				TARGETED_DEVICE_FAMILY = "1,2";
			};
			name = Release;
		};
/* End XCBuildConfiguration section */

/* Begin XCConfigurationList section */
		F93DBEE52897BDCC009DA87A /* Build configuration list for PBXProject "BeautyMNL-MacNoble-Search" */ = {
			isa = XCConfigurationList;
			buildConfigurations = (
				F93DBEFC2897BDCE009DA87A /* Debug */,
				F93DBEFD2897BDCE009DA87A /* Release */,
			);
			defaultConfigurationIsVisible = 0;
			defaultConfigurationName = Release;
		};
		F93DBEFE2897BDCE009DA87A /* Build configuration list for PBXNativeTarget "BeautyMNL-MacNoble-Search" */ = {
			isa = XCConfigurationList;
			buildConfigurations = (
				F93DBEFF2897BDCE009DA87A /* Debug */,
				F93DBF002897BDCE009DA87A /* Release */,
			);
			defaultConfigurationIsVisible = 0;
			defaultConfigurationName = Release;
		};
/* End XCConfigurationList section */
	};
	rootObject = F93DBEE22897BDCC009DA87A /* Project object */;
}
